
Microsoft Visual Studio Solution File, Format Version 12.00
# Visual Studio Version 17
VisualStudioVersion = 17.7.34024.191
MinimumVisualStudioVersion = 10.0.40219.1
Project("{FAE04EC0-301F-11D3-BF4B-00C04F79EFBC}") = "NotesPlugin", "NotesPlugin.csproj", "{718FCBA5-9705-4CD7-B8EB-D8087A1BE649}"
EndProject
Project("{9A19103F-16F7-4668-BE54-9A1E7A4F7556}") = "WebFramework", "..\..\Web\WebFramework\WebFramework.csproj", "{EC756F33-B68F-4DC5-A7C8-71E23668227F}"
EndProject
Global
	GlobalSection(SolutionConfigurationPlatforms) = preSolution
		Debug|Any CPU = Debug|Any CPU
		Release|Any CPU = Release|Any CPU
	EndGlobalSection
	GlobalSection(ProjectConfigurationPlatforms) = postSolution
		{718FCBA5-9705-4CD7-B8EB-D8087A1BE649}.Debug|Any CPU.ActiveCfg = Debug|Any CPU
		{718FCBA5-9705-4CD7-B8EB-D8087A1BE649}.Debug|Any CPU.Build.0 = Debug|Any CPU
		{718FCBA5-9705-4CD7-B8EB-D8087A1BE649}.Release|Any CPU.ActiveCfg = Release|Any CPU
		{718FCBA5-9705-4CD7-B8EB-D8087A1BE649}.Release|Any CPU.Build.0 = Release|Any CPU
		{EC756F33-B68F-4DC5-A7C8-71E23668227F}.Debug|Any CPU.ActiveCfg = Debug|Any CPU
		{EC756F33-B68F-4DC5-A7C8-71E23668227F}.Debug|Any CPU.Build.0 = Debug|Any CPU
		{EC756F33-B68F-4DC5-A7C8-71E23668227F}.Release|Any CPU.ActiveCfg = Release|Any CPU
		{EC756F33-B68F-4DC5-A7C8-71E23668227F}.Release|Any CPU.Build.0 = Release|Any CPU
	EndGlobalSection
	GlobalSection(SolutionProperties) = preSolution
		HideSolutionNode = FALSE
	EndGlobalSection
	GlobalSection(ExtensibilityGlobals) = postSolution
		SolutionGuid = {D36DC800-8CEC-40E4-BAD1-076323ADDEFF}
	EndGlobalSection
EndGlobal
